
Microsoft Visual Studio Solution File, Format Version 12.00
# Visual Studio Version 17
VisualStudioVersion = 17.2.32630.192
MinimumVisualStudioVersion = 10.0.40219.1
Project("{FAE04EC0-301F-11D3-BF4B-00C04F79EFBC}") = "Asp-WebForm-RepeaterWithClass", "Asp-WebForm-RepeaterWithClass\Asp-WebForm-RepeaterWithClass.csproj", "{87A4B023-136D-4C88-82B1-744F2F7E1C83}"
EndProject
Global
	GlobalSection(SolutionConfigurationPlatforms) = preSolution
		Debug|Any CPU = Debug|Any CPU
		Release|Any CPU = Release|Any CPU
	EndGlobalSection
	GlobalSection(ProjectConfigurationPlatforms) = postSolution
		{87A4B023-136D-4C88-82B1-744F2F7E1C83}.Debug|Any CPU.ActiveCfg = Debug|Any CPU
		{87A4B023-136D-4C88-82B1-744F2F7E1C83}.Debug|Any CPU.Build.0 = Debug|Any CPU
		{87A4B023-136D-4C88-82B1-744F2F7E1C83}.Release|Any CPU.ActiveCfg = Release|Any CPU
		{87A4B023-136D-4C88-82B1-744F2F7E1C83}.Release|Any CPU.Build.0 = Release|Any CPU
	EndGlobalSection
	GlobalSection(SolutionProperties) = preSolution
		HideSolutionNode = FALSE
	EndGlobalSection
	GlobalSection(ExtensibilityGlobals) = postSolution
		SolutionGuid = {DD7EC0C6-3DB5-4294-80AF-104C32D37733}
	EndGlobalSection
EndGlobal
